
Microsoft Visual Studio Solution File, Format Version 12.00
# Visual Studio Version 17
VisualStudioVersion = 17.11.35222.181
MinimumVisualStudioVersion = 10.0.40219.1
Project("{888888A0-9F3D-457C-B088-3A5042F75D52}") = "Electronic Eye Test - NIWA 2024", "Electronic Eye Test - NIWA 2024\Electronic Eye Test - NIWA 2024.pyproj", "{63DC6D0B-5FFB-45CE-B219-A8850A86C6A3}"
EndProject
Global
	GlobalSection(SolutionConfigurationPlatforms) = preSolution
		Debug|Any CPU = Debug|Any CPU
		Release|Any CPU = Release|Any CPU
	EndGlobalSection
	GlobalSection(ProjectConfigurationPlatforms) = postSolution
		{63DC6D0B-5FFB-45CE-B219-A8850A86C6A3}.Debug|Any CPU.ActiveCfg = Debug|Any CPU
		{63DC6D0B-5FFB-45CE-B219-A8850A86C6A3}.Release|Any CPU.ActiveCfg = Release|Any CPU
	EndGlobalSection
	GlobalSection(SolutionProperties) = preSolution
		HideSolutionNode = FALSE
	EndGlobalSection
	GlobalSection(ExtensibilityGlobals) = postSolution
		SolutionGuid = {9FE01D96-1BAD-4D42-AB4E-79E561520BF7}
	EndGlobalSection
EndGlobal
